Microsoft Visual Studio Solution File, Format Version 12.00
# Visual Studio Version 16
VisualStudioVersion = 16.0.29424.173
MinimumVisualStudioVersion = 10.0.40219.1
Project("{9A19103F-16F7-4668-BE54-9A1E7A4F7556}") = "Checkout.API", "Checkout.API\Checkout.API.csproj", "{C708FD5C-7A71-4B82-A06D-F21303047BAF}"
EndProject
Project("{9A19103F-16F7-4668-BE54-9A1E7A4F7556}") = "Checkout.Tests", "Checkout.Tests\Checkout.Tests.csproj", "{DE15F943-4EBB-4CBC-95D6-E811E774F4A9}"
EndProject
Project("{FAE04EC0-301F-11D3-BF4B-00C04F79EFBC}") = "Checkout.Data", "Checkout.Data\Checkout.Data.csproj", "{6670F686-751A-48E4-973B-0747C21C2AA4}"
EndProject
Project("{FAE04EC0-301F-11D3-BF4B-00C04F79EFBC}") = "Checkout.MockBank", "Checkout.MockBank\Checkout.MockBank.csproj", "{05BC878E-2FF4-480F-80F9-A1062181BECD}"
EndProject
Global
	GlobalSection(SolutionConfigurationPlatforms) = preSolution
		Debug|Any CPU = Debug|Any CPU
		Release|Any CPU = Release|Any CPU
	EndGlobalSection
	GlobalSection(ProjectConfigurationPlatforms) = postSolution
		{C708FD5C-7A71-4B82-A06D-F21303047BAF}.Debug|Any CPU.ActiveCfg = Debug|Any CPU
		{C708FD5C-7A71-4B82-A06D-F21303047BAF}.Debug|Any CPU.Build.0 = Debug|Any CPU
		{C708FD5C-7A71-4B82-A06D-F21303047BAF}.Release|Any CPU.ActiveCfg = Release|Any CPU
		{C708FD5C-7A71-4B82-A06D-F21303047BAF}.Release|Any CPU.Build.0 = Release|Any CPU
		{DE15F943-4EBB-4CBC-95D6-E811E774F4A9}.Debug|Any CPU.ActiveCfg = Debug|Any CPU
		{DE15F943-4EBB-4CBC-95D6-E811E774F4A9}.Debug|Any CPU.Build.0 = Debug|Any CPU
		{DE15F943-4EBB-4CBC-95D6-E811E774F4A9}.Release|Any CPU.ActiveCfg = Release|Any CPU
		{DE15F943-4EBB-4CBC-95D6-E811E774F4A9}.Release|Any CPU.Build.0 = Release|Any CPU
		{6670F686-751A-48E4-973B-0747C21C2AA4}.Debug|Any CPU.ActiveCfg = Debug|Any CPU
		{6670F686-751A-48E4-973B-0747C21C2AA4}.Debug|Any CPU.Build.0 = Debug|Any CPU
		{6670F686-751A-48E4-973B-0747C21C2AA4}.Release|Any CPU.ActiveCfg = Release|Any CPU
		{6670F686-751A-48E4-973B-0747C21C2AA4}.Release|Any CPU.Build.0 = Release|Any CPU
		{05BC878E-2FF4-480F-80F9-A1062181BECD}.Debug|Any CPU.ActiveCfg = Debug|Any CPU
		{05BC878E-2FF4-480F-80F9-A1062181BECD}.Debug|Any CPU.Build.0 = Debug|Any CPU
		{05BC878E-2FF4-480F-80F9-A1062181BECD}.Release|Any CPU.ActiveCfg = Release|Any CPU
		{05BC878E-2FF4-480F-80F9-A1062181BECD}.Release|Any CPU.Build.0 = Release|Any CPU
	EndGlobalSection
	GlobalSection(SolutionProperties) = preSolution
		HideSolutionNode = FALSE
	EndGlobalSection
	GlobalSection(ExtensibilityGlobals) = postSolution
		SolutionGuid = {EBAE7448-89B1-4E63-ADEF-04C5AAC3772D}
	EndGlobalSection
EndGlobal
